
Microsoft Visual Studio Solution File, Format Version 12.00
# Visual Studio Version 17
VisualStudioVersion = 17.2.32616.157
MinimumVisualStudioVersion = 10.0.40219.1
Project("{FAE04EC0-301F-11D3-BF4B-00C04F79EFBC}") = "License", "License\License.csproj", "{69C768EE-8E35-4DF6-BE85-F67A892E1292}"
EndProject
Global
	GlobalSection(SolutionConfigurationPlatforms) = preSolution
		Debug|Any CPU = Debug|Any CPU
		Release|Any CPU = Release|Any CPU
	EndGlobalSection
	GlobalSection(ProjectConfigurationPlatforms) = postSolution
		{69C768EE-8E35-4DF6-BE85-F67A892E1292}.Debug|Any CPU.ActiveCfg = Debug|Any CPU
		{69C768EE-8E35-4DF6-BE85-F67A892E1292}.Debug|Any CPU.Build.0 = Debug|Any CPU
		{69C768EE-8E35-4DF6-BE85-F67A892E1292}.Release|Any CPU.ActiveCfg = Release|Any CPU
		{69C768EE-8E35-4DF6-BE85-F67A892E1292}.Release|Any CPU.Build.0 = Release|Any CPU
	EndGlobalSection
	GlobalSection(SolutionProperties) = preSolution
		HideSolutionNode = FALSE
	EndGlobalSection
	GlobalSection(ExtensibilityGlobals) = postSolution
		SolutionGuid = {40EC163F-3DD7-472C-B2B5-50939BA1491C}
	EndGlobalSection
EndGlobal
